// !$*UTF8*$!
{
	archiveVersion = 1;
	classes = {
	};
	objectVersion = 46;
	objects = {

/* Begin PBXBuildFile section */
		0ACD5B6FADB7EF1173DB830F /* Pods_expennies.framework in Frameworks */ = {isa = PBXBuildFile; fileRef = 956E3A5C8A92CE6A9EB252ED /* Pods_expennies.framework */; };
		B5704A671F69B122002592FC /* AppDelegate.swift in Sources */ = {isa = PBXBuildFile; fileRef = B5704A661F69B122002592FC /* AppDelegate.swift */; };
		B5704A691F69B122002592FC /* ViewController.swift in Sources */ = {isa = PBXBuildFile; fileRef = B5704A681F69B122002592FC /* ViewController.swift */; };
		B5704A6C1F69B122002592FC /* Main.storyboard in Resources */ = {isa = PBXBuildFile; fileRef = B5704A6A1F69B122002592FC /* Main.storyboard */; };
		B5704A6E1F69B122002592FC /* Assets.xcassets in Resources */ = {isa = PBXBuildFile; fileRef = B5704A6D1F69B122002592FC /* Assets.xcassets */; };
		B5704A711F69B122002592FC /* LaunchScreen.storyboard in Resources */ = {isa = PBXBuildFile; fileRef = B5704A6F1F69B122002592FC /* LaunchScreen.storyboard */; };
/* End PBXBuildFile section */

/* Begin PBXFileReference section */
		21127C0E549C2BF30CB731C7 /* Pods-expennies.debug.xcconfig */ = {isa = PBXFileReference; includeInIndex = 1; lastKnownFileType = text.xcconfig; name = "Pods-expennies.debug.xcconfig"; path = "Pods/Target Support Files/Pods-expennies/Pods-expennies.debug.xcconfig"; sourceTree = "<group>"; };
		956E3A5C8A92CE6A9EB252ED /* Pods_expennies.framework */ = {isa = PBXFileReference; explicitFileType = wrapper.framework; includeInIndex = 0; path = Pods_expennies.framework; sourceTree = BUILT_PRODUCTS_DIR; };
		B5704A631F69B122002592FC /* expennies.app */ = {isa = PBXFileReference; explicitFileType = wrapper.application; includeInIndex = 0; path = expennies.app; sourceTree = BUILT_PRODUCTS_DIR; };
		B5704A661F69B122002592FC /* AppDelegate.swift */ = {isa = PBXFileReference; lastKnownFileType = sourcecode.swift; path = AppDelegate.swift; sourceTree = "<group>"; };
		B5704A681F69B122002592FC /* ViewController.swift */ = {isa = PBXFileReference; lastKnownFileType = sourcecode.swift; path = ViewController.swift; sourceTree = "<group>"; };
		B5704A6B1F69B122002592FC /* Base */ = {isa = PBXFileReference; lastKnownFileType = file.storyboard; name = Base; path = Base.lproj/Main.storyboard; sourceTree = "<group>"; };
		B5704A6D1F69B122002592FC /* Assets.xcassets */ = {isa = PBXFileReference; lastKnownFileType = folder.assetcatalog; path = Assets.xcassets; sourceTree = "<group>"; };
		B5704A701F69B122002592FC /* Base */ = {isa = PBXFileReference; lastKnownFileType = file.storyboard; name = Base; path = Base.lproj/LaunchScreen.storyboard; sourceTree = "<group>"; };
		B5704A721F69B122002592FC /* Info.plist */ = {isa = PBXFileReference; lastKnownFileType = text.plist.xml; path = Info.plist; sourceTree = "<group>"; };
		F0CB6D4A516BBC530C407882 /* Pods-expennies.release.xcconfig */ = {isa = PBXFileReference; includeInIndex = 1; lastKnownFileType = text.xcconfig; name = "Pods-expennies.release.xcconfig"; path = "Pods/Target Support Files/Pods-expennies/Pods-expennies.release.xcconfig"; sourceTree = "<group>"; };
/* End PBXFileReference section */

/* Begin PBXFrameworksBuildPhase section */
		B5704A601F69B122002592FC /* Frameworks */ = {
			isa = PBXFrameworksBuildPhase;
			buildActionMask = 2147483647;
			files = (
				0ACD5B6FADB7EF1173DB830F /* Pods_expennies.framework in Frameworks */,
			);
			runOnlyForDeploymentPostprocessing = 0;
		};
/* End PBXFrameworksBuildPhase section */

/* Begin PBXGroup section */
		868329463C87963593F9394E /* Frameworks */ = {
			isa = PBXGroup;
			children = (
				956E3A5C8A92CE6A9EB252ED /* Pods_expennies.framework */,
			);
			name = Frameworks;
			sourceTree = "<group>";
		};
		B5704A5A1F69B122002592FC = {
			isa = PBXGroup;
			children = (
				B5704A651F69B122002592FC /* expennies */,
				B5704A641F69B122002592FC /* Products */,
				C20F10B353B2DA812312CE54 /* Pods */,
				868329463C87963593F9394E /* Frameworks */,
			);
			sourceTree = "<group>";
		};
		B5704A641F69B122002592FC /* Products */ = {
			isa = PBXGroup;
			children = (
				B5704A631F69B122002592FC /* expennies.app */,
			);
			name = Products;
			sourceTree = "<group>";
		};
		B5704A651F69B122002592FC /* expennies */ = {
			isa = PBXGroup;
			children = (
				B5704A661F69B122002592FC /* AppDelegate.swift */,
				B5704A681F69B122002592FC /* ViewController.swift */,
				B5704A6A1F69B122002592FC /* Main.storyboard */,
				B5704A6D1F69B122002592FC /* Assets.xcassets */,
				B5704A6F1F69B122002592FC /* LaunchScreen.storyboard */,
				B5704A721F69B122002592FC /* Info.plist */,
			);
			path = expennies;
			sourceTree = "<group>";
		};
		C20F10B353B2DA812312CE54 /* Pods */ = {
			isa = PBXGroup;
			children = (
				21127C0E549C2BF30CB731C7 /* Pods-expennies.debug.xcconfig */,
				F0CB6D4A516BBC530C407882 /* Pods-expennies.release.xcconfig */,
			);
			name = Pods;
			sourceTree = "<group>";
		};
/* End PBXGroup section */

/* Begin PBXNativeTarget section */
		B5704A621F69B122002592FC /* expennies */ = {
			isa = PBXNativeTarget;
			buildConfigurationList = B5704A751F69B122002592FC /* Build configuration list for PBXNativeTarget "expennies" */;
			buildPhases = (
				93D8C97F0F1BAA955FDC1086 /* [CP] Check Pods Manifest.lock */,
				B5704A5F1F69B122002592FC /* Sources */,
				B5704A601F69B122002592FC /* Frameworks */,
				B5704A611F69B122002592FC /* Resources */,
				9231B661BACAAB77E786FD47 /* [CP] Embed Pods Frameworks */,
				90E01A8888325BFA918ABEAC /* [CP] Copy Pods Resources */,
			);
			buildRules = (
			);
			dependencies = (
			);
			name = expennies;
			productName = expennies;
			productReference = B5704A631F69B122002592FC /* expennies.app */;
			productType = "com.apple.product-type.application";
		};
/* End PBXNativeTarget section */

/* Begin PBXProject section */
		B5704A5B1F69B122002592FC /* Project object */ = {
			isa = PBXProject;
			attributes = {
				LastSwiftUpdateCheck = 0810;
				LastUpgradeCheck = 0810;
				ORGANIZATIONNAME = "CreativityKills Co.";
				TargetAttributes = {
					B5704A621F69B122002592FC = {
						CreatedOnToolsVersion = 8.1;
						DevelopmentTeam = FMQ6R58UAV;
						ProvisioningStyle = Automatic;
					};
				};
			};
			buildConfigurationList = B5704A5E1F69B122002592FC /* Build configuration list for PBXProject "expennies" */;
			compatibilityVersion = "Xcode 3.2";
			developmentRegion = English;
			hasScannedForEncodings = 0;
			knownRegions = (
				en,
				Base,
			);
			mainGroup = B5704A5A1F69B122002592FC;
			productRefGroup = B5704A641F69B122002592FC /* Products */;
			projectDirPath = "";
			projectRoot = "";
			targets = (
				B5704A621F69B122002592FC /* expennies */,
			);
		};
/* End PBXProject section */

/* Begin PBXResourcesBuildPhase section */
		B5704A611F69B122002592FC /* Resources */ = {
			isa = PBXResourcesBuildPhase;
			buildActionMask = 2147483647;
			files = (
				B5704A711F69B122002592FC /* LaunchScreen.storyboard in Resources */,
				B5704A6E1F69B122002592FC /* Assets.xcassets in Resources */,
				B5704A6C1F69B122002592FC /* Main.storyboard in Resources */,
			);
			runOnlyForDeploymentPostprocessing = 0;
		};
/* End PBXResourcesBuildPhase section */

/* Begin PBXShellScriptBuildPhase section */
		90E01A8888325BFA918ABEAC /* [CP] Copy Pods Resources */ = {
			isa = PBXShellScriptBuildPhase;
			buildActionMask = 2147483647;
			files = (
			);
			inputPaths = (
			);
			name = "[CP] Copy Pods Resources";
			outputPaths = (
			);
			runOnlyForDeploymentPostprocessing = 0;
			shellPath = /bin/sh;
			shellScript = "\"${SRCROOT}/Pods/Target Support Files/Pods-expennies/Pods-expennies-resources.sh\"\n";
			showEnvVarsInLog = 0;
		};
		9231B661BACAAB77E786FD47 /* [CP] Embed Pods Frameworks */ = {
			isa = PBXShellScriptBuildPhase;
			buildActionMask = 2147483647;
			files = (
			);
			inputPaths = (
			);
			name = "[CP] Embed Pods Frameworks";
			outputPaths = (
			);
			runOnlyForDeploymentPostprocessing = 0;
			shellPath = /bin/sh;
			shellScript = "\"${SRCROOT}/Pods/Target Support Files/Pods-expennies/Pods-expennies-frameworks.sh\"\n";
			showEnvVarsInLog = 0;
		};
		93D8C97F0F1BAA955FDC1086 /* [CP] Check Pods Manifest.lock */ = {
			isa = PBXShellScriptBuildPhase;
			buildActionMask = 2147483647;
			files = (
			);
			inputPaths = (
			);
			name = "[CP] Check Pods Manifest.lock";
			outputPaths = (
			);
			runOnlyForDeploymentPostprocessing = 0;
			shellPath = /bin/sh;
			shellScript = "diff \"${PODS_PODFILE_DIR_PATH}/Podfile.lock\" \"${PODS_ROOT}/Manifest.lock\" > /dev/null\nif [ $? != 0 ] ; then\n    # print error to STDERR\n    echo \"error: The sandbox is not in sync with the Podfile.lock. Run 'pod install' or update your CocoaPods installation.\" >&2\n    exit 1\nfi\n";
			showEnvVarsInLog = 0;
		};
/* End PBXShellScriptBuildPhase section */

/* Begin PBXSourcesBuildPhase section */
		B5704A5F1F69B122002592FC /* Sources */ = {
			isa = PBXSourcesBuildPhase;
			buildActionMask = 2147483647;
			files = (
				B5704A691F69B122002592FC /* ViewController.swift in Sources */,
				B5704A671F69B122002592FC /* AppDelegate.swift in Sources */,
			);
			runOnlyForDeploymentPostprocessing = 0;
		};
/* End PBXSourcesBuildPhase section */

/* Begin PBXVariantGroup section */
		B5704A6A1F69B122002592FC /* Main.storyboard */ = {
			isa = PBXVariantGroup;
			children = (
				B5704A6B1F69B122002592FC /* Base */,
			);
			name = Main.storyboard;
			sourceTree = "<group>";
		};
		B5704A6F1F69B122002592FC /* LaunchScreen.storyboard */ = {
			isa = PBXVariantGroup;
			children = (
				B5704A701F69B122002592FC /* Base */,
			);
			name = LaunchScreen.storyboard;
			sourceTree = "<group>";
		};
/* End PBXVariantGroup section */

/* Begin XCBuildConfiguration section */
		B5704A731F69B122002592FC /* Debug */ = {
			isa = XCBuildConfiguration;
			buildSettings = {
				ALWAYS_SEARCH_USER_PATHS = NO;
				CLANG_ANALYZER_NONNULL = YES;
				CLANG_CXX_LANGUAGE_STANDARD = "gnu++0x";
				CLANG_CXX_LIBRARY = "libc++";
				CLANG_ENABLE_MODULES = YES;
				CLANG_ENABLE_OBJC_ARC = YES;
				CLANG_WARN_BOOL_CONVERSION = YES;
				CLANG_WARN_CONSTANT_CONVERSION = YES;
				CLANG_WARN_DIRECT_OBJC_ISA_USAGE = YES_ERROR;
				CLANG_WARN_DOCUMENTATION_COMMENTS = YES;
				CLANG_WARN_EMPTY_BODY = YES;
				CLANG_WARN_ENUM_CONVERSION = YES;
				CLANG_WARN_INFINITE_RECURSION = YES;
				CLANG_WARN_INT_CONVERSION = YES;
				CLANG_WARN_OBJC_ROOT_CLASS = YES_ERROR;
				CLANG_WARN_SUSPICIOUS_MOVE = YES;
				CLANG_WARN_SUSPICIOUS_MOVES = YES;
				CLANG_WARN_UNREACHABLE_CODE = YES;
				CLANG_WARN__DUPLICATE_METHOD_MATCH = YES;
				"CODE_SIGN_IDENTITY[sdk=iphoneos*]" = "iPhone Developer";
				COPY_PHASE_STRIP = NO;
				DEBUG_INFORMATION_FORMAT = dwarf;
				ENABLE_STRICT_OBJC_MSGSEND = YES;
				ENABLE_TESTABILITY = YES;
				GCC_C_LANGUAGE_STANDARD = gnu99;
				GCC_DYNAMIC_NO_PIC = NO;
				GCC_NO_COMMON_BLOCKS = YES;
				GCC_OPTIMIZATION_LEVEL = 0;
				GCC_PREPROCESSOR_DEFINITIONS = (
					"DEBUG=1",
					"$(inherited)",
				);
				GCC_WARN_64_TO_32_BIT_CONVERSION = YES;
				GCC_WARN_ABOUT_RETURN_TYPE = YES_ERROR;
				GCC_WARN_UNDECLARED_SELECTOR = YES;
				GCC_WARN_UNINITIALIZED_AUTOS = YES_AGGRESSIVE;
				GCC_WARN_UNUSED_FUNCTION = YES;
				GCC_WARN_UNUSED_VARIABLE = YES;
				IPHONEOS_DEPLOYMENT_TARGET = 10.1;
				MTL_ENABLE_DEBUG_INFO = YES;
				ONLY_ACTIVE_ARCH = YES;
				SDKROOT = iphoneos;
				SWIFT_ACTIVE_COMPILATION_CONDITIONS = DEBUG;
				SWIFT_OPTIMIZATION_LEVEL = "-Onone";
			};
			name = Debug;
		};
		B5704A741F69B122002592FC /* Release */ = {
			isa = XCBuildConfiguration;
			buildSettings = {
				ALWAYS_SEARCH_USER_PATHS = NO;
				CLANG_ANALYZER_NONNULL = YES;
				CLANG_CXX_LANGUAGE_STANDARD = "gnu++0x";
				CLANG_CXX_LIBRARY = "libc++";
				CLANG_ENABLE_MODULES = YES;
				CLANG_ENABLE_OBJC_ARC = YES;
				CLANG_WARN_BOOL_CONVERSION = YES;
				CLANG_WARN_CONSTANT_CONVERSION = YES;
				CLANG_WARN_DIRECT_OBJC_ISA_USAGE = YES_ERROR;
				CLANG_WARN_DOCUMENTATION_COMMENTS = YES;
				CLANG_WARN_EMPTY_BODY = YES;
				CLANG_WARN_ENUM_CONVERSION = YES;
				CLANG_WARN_INFINITE_RECURSION = YES;
				CLANG_WARN_INT_CONVERSION = YES;
				CLANG_WARN_OBJC_ROOT_CLASS = YES_ERROR;
				CLANG_WARN_SUSPICIOUS_MOVE = YES;
				CLANG_WARN_SUSPICIOUS_MOVES = YES;
				CLANG_WARN_UNREACHABLE_CODE = YES;
				CLANG_WARN__DUPLICATE_METHOD_MATCH = YES;
				"CODE_SIGN_IDENTITY[sdk=iphoneos*]" = "iPhone Developer";
				COPY_PHASE_STRIP = NO;
				DEBUG_INFORMATION_FORMAT = "dwarf-with-dsym";
				ENABLE_NS_ASSERTIONS = NO;
				ENABLE_STRICT_OBJC_MSGSEND = YES;
				GCC_C_LANGUAGE_STANDARD = gnu99;
				GCC_NO_COMMON_BLOCKS = YES;
				GCC_WARN_64_TO_32_BIT_CONVERSION = YES;
				GCC_WARN_ABOUT_RETURN_TYPE = YES_ERROR;
				GCC_WARN_UNDECLARED_SELECTOR = YES;
				GCC_WARN_UNINITIALIZED_AUTOS = YES_AGGRESSIVE;
				GCC_WARN_UNUSED_FUNCTION = YES;
				GCC_WARN_UNUSED_VARIABLE = YES;
				IPHONEOS_DEPLOYMENT_TARGET = 10.1;
				MTL_ENABLE_DEBUG_INFO = NO;
				SDKROOT = iphoneos;
				SWIFT_OPTIMIZATION_LEVEL = "-Owholemodule";
				VALIDATE_PRODUCT = YES;
			};
			name = Release;
		};
		B5704A761F69B122002592FC /* Debug */ = {
			isa = XCBuildConfiguration;
			baseConfigurationReference = 21127C0E549C2BF30CB731C7 /* Pods-expennies.debug.xcconfig */;
			buildSettings = {
				ASSETCATALOG_COMPILER_APPICON_NAME = AppIcon;
				DEVELOPMENT_TEAM = FMQ6R58UAV;
				INFOPLIST_FILE = expennies/Info.plist;
				LD_RUNPATH_SEARCH_PATHS = "$(inherited) @executable_path/Frameworks";
				PRODUCT_BUNDLE_IDENTIFIER = co.creativitykills.expennies;
				PRODUCT_NAME = "$(TARGET_NAME)";
				SWIFT_VERSION = 3.0;
			};
			name = Debug;
		};
		B5704A771F69B122002592FC /* Release */ = {
			isa = XCBuildConfiguration;
			baseConfigurationReference = F0CB6D4A516BBC530C407882 /* Pods-expennies.release.xcconfig */;
			buildSettings = {
				ASSETCATALOG_COMPILER_APPICON_NAME = AppIcon;
				DEVELOPMENT_TEAM = FMQ6R58UAV;
				INFOPLIST_FILE = expennies/Info.plist;
				LD_RUNPATH_SEARCH_PATHS = "$(inherited) @executable_path/Frameworks";
				PRODUCT_BUNDLE_IDENTIFIER = co.creativitykills.expennies;
				PRODUCT_NAME = "$(TARGET_NAME)";
				SWIFT_VERSION = 3.0;
			};
			name = Release;
		};
/* End XCBuildConfiguration section */

/* Begin XCConfigurationList section */
		B5704A5E1F69B122002592FC /* Build configuration list for PBXProject "expennies" */ = {
			isa = XCConfigurationList;
			buildConfigurations = (
				B5704A731F69B122002592FC /* Debug */,
				B5704A741F69B122002592FC /* Release */,
			);
			defaultConfigurationIsVisible = 0;
			defaultConfigurationName = Release;
		};
		B5704A751F69B122002592FC /* Build configuration list for PBXNativeTarget "expennies" */ = {
			isa = XCConfigurationList;
			buildConfigurations = (
				B5704A761F69B122002592FC /* Debug */,
				B5704A771F69B122002592FC /* Release */,
			);
			defaultConfigurationIsVisible = 0;
			defaultConfigurationName = Release;
		};
/* End XCConfigurationList section */
	};
	rootObject = B5704A5B1F69B122002592FC /* Project object */;
}
